
Microsoft Visual Studio Solution File, Format Version 12.00
# Visual Studio Version 16
VisualStudioVersion = 16.0.30907.101
MinimumVisualStudioVersion = 10.0.40219.1
Project("{9A19103F-16F7-4668-BE54-9A1E7A4F7556}") = "Exam2- retirement calc", "Exam2- retirement calc.csproj", "{C8B93AF5-5BFF-4270-B11D-D9C9509B8948}"
EndProject
Global
	GlobalSection(SolutionConfigurationPlatforms) = preSolution
		Debug|Any CPU = Debug|Any CPU
		Release|Any CPU = Release|Any CPU
	EndGlobalSection
	GlobalSection(ProjectConfigurationPlatforms) = postSolution
		{C8B93AF5-5BFF-4270-B11D-D9C9509B8948}.Debug|Any CPU.ActiveCfg = Debug|Any CPU
		{C8B93AF5-5BFF-4270-B11D-D9C9509B8948}.Debug|Any CPU.Build.0 = Debug|Any CPU
		{C8B93AF5-5BFF-4270-B11D-D9C9509B8948}.Release|Any CPU.ActiveCfg = Release|Any CPU
		{C8B93AF5-5BFF-4270-B11D-D9C9509B8948}.Release|Any CPU.Build.0 = Release|Any CPU
	EndGlobalSection
	GlobalSection(SolutionProperties) = preSolution
		HideSolutionNode = FALSE
	EndGlobalSection
	GlobalSection(ExtensibilityGlobals) = postSolution
		SolutionGuid = {F9DB50B1-BF6A-4778-AE9E-CB6AD6EC199B}
	EndGlobalSection
EndGlobal
